PODS:
  - SDWebImage (5.21.2):
    - SDWebImage/Core (= 5.21.2)
  - SDWebImage/Core (5.21.2)

DEPENDENCIES:
  - SDWebImage

SPEC REPOS:
  trunk:
    - SDWebImage

SPEC CHECKSUMS:
  SDWebImage: 9f177d83116802728e122410fb25ad88f5c7608a

PODFILE CHECKSUM: f50c51825767f4f9751054fbf8a2201cf6f3c235

COCOAPODS: 1.16.2
